// !$*UTF8*$!
{
	archiveVersion = 1;
	classes = {
	};
	objectVersion = 46;
	objects = {

/* Begin PBXBuildFile section */
		9319E82173F642B857D1483C /* libPods.a in Frameworks */ = {isa = PBXBuildFile; fileRef = F52401887A0A967469F3DE06 /* libPods.a */; };
		C297192D1BCE3D2900AAFFA7 /* main.m in Sources */ = {isa = PBXBuildFile; fileRef = C297192C1BCE3D2900AAFFA7 /* main.m */; };
		C29719361BCE3D2900AAFFA7 /* Main.storyboard in Resources */ = {isa = PBXBuildFile; fileRef = C29719341BCE3D2900AAFFA7 /* Main.storyboard */; };
		C29719381BCE3D2900AAFFA7 /* Images.xcassets in Resources */ = {isa = PBXBuildFile; fileRef = C29719371BCE3D2900AAFFA7 /* Images.xcassets */; };
		C297193B1BCE3D2900AAFFA7 /* LaunchScreen.xib in Resources */ = {isa = PBXBuildFile; fileRef = C29719391BCE3D2900AAFFA7 /* LaunchScreen.xib */; };
		C29719471BCE3D2900AAFFA7 /* EyeShareTests.m in Sources */ = {isa = PBXBuildFile; fileRef = C29719461BCE3D2900AAFFA7 /* EyeShareTests.m */; };
		C29719731BCE3D7900AAFFA7 /* AppDelegate.m in Sources */ = {isa = PBXBuildFile; fileRef = C29719531BCE3D7900AAFFA7 /* AppDelegate.m */; };
		C29719741BCE3D7900AAFFA7 /* LeanCloudTool.m in Sources */ = {isa = PBXBuildFile; fileRef = C29719561BCE3D7900AAFFA7 /* LeanCloudTool.m */; };
		C29719791BCE3D7900AAFFA7 /* TabBarViewController.m in Sources */ = {isa = PBXBuildFile; fileRef = C29719621BCE3D7900AAFFA7 /* TabBarViewController.m */; };
		C29719B01BCE820900AAFFA7 /* FirstTableViewController.m in Sources */ = {isa = PBXBuildFile; fileRef = C29719AF1BCE820900AAFFA7 /* FirstTableViewController.m */; };
		C29719B31BCE822800AAFFA7 /* SecondTableViewController.m in Sources */ = {isa = PBXBuildFile; fileRef = C29719B21BCE822800AAFFA7 /* SecondTableViewController.m */; };
		C29719B61BCE827F00AAFFA7 /* ThirdViewController.m in Sources */ = {isa = PBXBuildFile; fileRef = C29719B51BCE827F00AAFFA7 /* ThirdViewController.m */; };
		C29719B91BCE829E00AAFFA7 /* FourTableViewController.m in Sources */ = {isa = PBXBuildFile; fileRef = C29719B81BCE829E00AAFFA7 /* FourTableViewController.m */; };
/* End PBXBuildFile section */

/* Begin PBXContainerItemProxy section */
		C29719411BCE3D2900AAFFA7 /* PBXContainerItemProxy */ = {
			isa = PBXContainerItemProxy;
			containerPortal = C297191F1BCE3D2900AAFFA7 /* Project object */;
			proxyType = 1;
			remoteGlobalIDString = C29719261BCE3D2900AAFFA7;
			remoteInfo = EyeShare;
		};
/* End PBXContainerItemProxy section */

/* Begin PBXFileReference section */
		035A6463F6ED02CBA46AE065 /* Pods.debug.xcconfig */ = {isa = PBXFileReference; includeInIndex = 1; lastKnownFileType = text.xcconfig; name = Pods.debug.xcconfig; path = "Pods/Target Support Files/Pods/Pods.debug.xcconfig"; sourceTree = "<group>"; };
		C29719271BCE3D2900AAFFA7 /* EyeShare.app */ = {isa = PBXFileReference; explicitFileType = wrapper.application; includeInIndex = 0; path = EyeShare.app; sourceTree = BUILT_PRODUCTS_DIR; };
		C297192B1BCE3D2900AAFFA7 /* Info.plist */ = {isa = PBXFileReference; lastKnownFileType = text.plist.xml; path = Info.plist; sourceTree = "<group>"; };
		C297192C1BCE3D2900AAFFA7 /* main.m */ = {isa = PBXFileReference; lastKnownFileType = sourcecode.c.objc; path = main.m; sourceTree = "<group>"; };
		C29719351BCE3D2900AAFFA7 /* Base */ = {isa = PBXFileReference; lastKnownFileType = file.storyboard; name = Base; path = Base.lproj/Main.storyboard; sourceTree = "<group>"; };
		C29719371BCE3D2900AAFFA7 /* Images.xcassets */ = {isa = PBXFileReference; lastKnownFileType = folder.assetcatalog; path = Images.xcassets; sourceTree = "<group>"; };
		C297193A1BCE3D2900AAFFA7 /* Base */ = {isa = PBXFileReference; lastKnownFileType = file.xib; name = Base; path = Base.lproj/LaunchScreen.xib; sourceTree = "<group>"; };
		C29719401BCE3D2900AAFFA7 /* EyeShareTests.xctest */ = {isa = PBXFileReference; explicitFileType = wrapper.cfbundle; includeInIndex = 0; path = EyeShareTests.xctest; sourceTree = BUILT_PRODUCTS_DIR; };
		C29719451BCE3D2900AAFFA7 /* Info.plist */ = {isa = PBXFileReference; lastKnownFileType = text.plist.xml; path = Info.plist; sourceTree = "<group>"; };
		C29719461BCE3D2900AAFFA7 /* EyeShareTests.m */ = {isa = PBXFileReference; lastKnownFileType = sourcecode.c.objc; path = EyeShareTests.m; sourceTree = "<group>"; };
		C29719521BCE3D7900AAFFA7 /* AppDelegate.h */ = {isa = PBXFileReference; fileEncoding = 4; lastKnownFileType = sourcecode.c.h; path = AppDelegate.h; sourceTree = "<group>"; };
		C29719531BCE3D7900AAFFA7 /* AppDelegate.m */ = {isa = PBXFileReference; fileEncoding = 4; lastKnownFileType = sourcecode.c.objc; path = AppDelegate.m; sourceTree = "<group>"; };
		C29719551BCE3D7900AAFFA7 /* LeanCloudTool.h */ = {isa = PBXFileReference; fileEncoding = 4; lastKnownFileType = sourcecode.c.h; path = LeanCloudTool.h; sourceTree = "<group>"; };
		C29719561BCE3D7900AAFFA7 /* LeanCloudTool.m */ = {isa = PBXFileReference; fileEncoding = 4; lastKnownFileType = sourcecode.c.objc; path = LeanCloudTool.m; sourceTree = "<group>"; };
		C29719611BCE3D7900AAFFA7 /* TabBarViewController.h */ = {isa = PBXFileReference; fileEncoding = 4; lastKnownFileType = sourcecode.c.h; path = TabBarViewController.h; sourceTree = "<group>"; };
		C29719621BCE3D7900AAFFA7 /* TabBarViewController.m */ = {isa = PBXFileReference; fileEncoding = 4; lastKnownFileType = sourcecode.c.objc; path = TabBarViewController.m; sourceTree = "<group>"; };
		C297196D1BCE3D7900AAFFA7 /* APPHeader.h */ = {isa = PBXFileReference; fileEncoding = 4; lastKnownFileType = sourcecode.c.h; path = APPHeader.h; sourceTree = "<group>"; };
		C297196E1BCE3D7900AAFFA7 /* IMPHeader.h */ = {isa = PBXFileReference; fileEncoding = 4; lastKnownFileType = sourcecode.c.h; path = IMPHeader.h; sourceTree = "<group>"; };
		C297196F1BCE3D7900AAFFA7 /* KEYHeader.h */ = {isa = PBXFileReference; fileEncoding = 4; lastKnownFileType = sourcecode.c.h; path = KEYHeader.h; sourceTree = "<group>"; };
		C29719701BCE3D7900AAFFA7 /* URLHeader.h */ = {isa = PBXFileReference; fileEncoding = 4; lastKnownFileType = sourcecode.c.h; path = URLHeader.h; sourceTree = "<group>"; };
		C297197B1BCE3DB900AAFFA7 /* PrefixHeader.pch */ = {isa = PBXFileReference; fileEncoding = 4; lastKnownFileType = sourcecode.c.h; path = PrefixHeader.pch; sourceTree = "<group>"; };
		C29719AE1BCE820900AAFFA7 /* FirstTableViewController.h */ = {isa = PBXFileReference; fileEncoding = 4; lastKnownFileType = sourcecode.c.h; path = FirstTableViewController.h; sourceTree = "<group>"; };
		C29719AF1BCE820900AAFFA7 /* FirstTableViewController.m */ = {isa = PBXFileReference; fileEncoding = 4; lastKnownFileType = sourcecode.c.objc; path = FirstTableViewController.m; sourceTree = "<group>"; };
		C29719B11BCE822800AAFFA7 /* SecondTableViewController.h */ = {isa = PBXFileReference; fileEncoding = 4; lastKnownFileType = sourcecode.c.h; path = SecondTableViewController.h; sourceTree = "<group>"; };
		C29719B21BCE822800AAFFA7 /* SecondTableViewController.m */ = {isa = PBXFileReference; fileEncoding = 4; lastKnownFileType = sourcecode.c.objc; path = SecondTableViewController.m; sourceTree = "<group>"; };
		C29719B41BCE827F00AAFFA7 /* ThirdViewController.h */ = {isa = PBXFileReference; fileEncoding = 4; lastKnownFileType = sourcecode.c.h; path = ThirdViewController.h; sourceTree = "<group>"; };
		C29719B51BCE827F00AAFFA7 /* ThirdViewController.m */ = {isa = PBXFileReference; fileEncoding = 4; lastKnownFileType = sourcecode.c.objc; path = ThirdViewController.m; sourceTree = "<group>"; };
		C29719B71BCE829E00AAFFA7 /* FourTableViewController.h */ = {isa = PBXFileReference; fileEncoding = 4; lastKnownFileType = sourcecode.c.h; path = FourTableViewController.h; sourceTree = "<group>"; };
		C29719B81BCE829E00AAFFA7 /* FourTableViewController.m */ = {isa = PBXFileReference; fileEncoding = 4; lastKnownFileType = sourcecode.c.objc; path = FourTableViewController.m; sourceTree = "<group>"; };
		D4C8A73158CD8EAED4388645 /* Pods.release.xcconfig */ = {isa = PBXFileReference; includeInIndex = 1; lastKnownFileType = text.xcconfig; name = Pods.release.xcconfig; path = "Pods/Target Support Files/Pods/Pods.release.xcconfig"; sourceTree = "<group>"; };
		F52401887A0A967469F3DE06 /* libPods.a */ = {isa = PBXFileReference; explicitFileType = archive.ar; includeInIndex = 0; path = libPods.a; sourceTree = BUILT_PRODUCTS_DIR; };
/* End PBXFileReference section */

/* Begin PBXFrameworksBuildPhase section */
		C29719241BCE3D2900AAFFA7 /* Frameworks */ = {
			isa = PBXFrameworksBuildPhase;
			buildActionMask = 2147483647;
			files = (
				9319E82173F642B857D1483C /* libPods.a in Frameworks */,
			);
			runOnlyForDeploymentPostprocessing = 0;
		};
		C297193D1BCE3D2900AAFFA7 /* Frameworks */ = {
			isa = PBXFrameworksBuildPhase;
			buildActionMask = 2147483647;
			files = (
			);
			runOnlyForDeploymentPostprocessing = 0;
		};
/* End PBXFrameworksBuildPhase section */

/* Begin PBXGroup section */
		8BCE9A4F7C2E8C5223847A7F /* Frameworks */ = {
			isa = PBXGroup;
			children = (
				F52401887A0A967469F3DE06 /* libPods.a */,
			);
			name = Frameworks;
			sourceTree = "<group>";
		};
		C2252E37E9D41FDAE886980D /* Pods */ = {
			isa = PBXGroup;
			children = (
				035A6463F6ED02CBA46AE065 /* Pods.debug.xcconfig */,
				D4C8A73158CD8EAED4388645 /* Pods.release.xcconfig */,
			);
			name = Pods;
			sourceTree = "<group>";
		};
		C297191E1BCE3D2900AAFFA7 = {
			isa = PBXGroup;
			children = (
				C29719291BCE3D2900AAFFA7 /* EyeShare */,
				C29719431BCE3D2900AAFFA7 /* EyeShareTests */,
				C29719281BCE3D2900AAFFA7 /* Products */,
				C2252E37E9D41FDAE886980D /* Pods */,
				8BCE9A4F7C2E8C5223847A7F /* Frameworks */,
			);
			sourceTree = "<group>";
		};
		C29719281BCE3D2900AAFFA7 /* Products */ = {
			isa = PBXGroup;
			children = (
				C29719271BCE3D2900AAFFA7 /* EyeShare.app */,
				C29719401BCE3D2900AAFFA7 /* EyeShareTests.xctest */,
			);
			name = Products;
			sourceTree = "<group>";
		};
		C29719291BCE3D2900AAFFA7 /* EyeShare */ = {
			isa = PBXGroup;
			children = (
				C29719501BCE3D7900AAFFA7 /* Source */,
				C297197B1BCE3DB900AAFFA7 /* PrefixHeader.pch */,
				C29719341BCE3D2900AAFFA7 /* Main.storyboard */,
				C29719371BCE3D2900AAFFA7 /* Images.xcassets */,
				C29719391BCE3D2900AAFFA7 /* LaunchScreen.xib */,
				C297192A1BCE3D2900AAFFA7 /* Supporting Files */,
			);
			path = EyeShare;
			sourceTree = "<group>";
		};
		C297192A1BCE3D2900AAFFA7 /* Supporting Files */ = {
			isa = PBXGroup;
			children = (
				C297192B1BCE3D2900AAFFA7 /* Info.plist */,
				C297192C1BCE3D2900AAFFA7 /* main.m */,
			);
			name = "Supporting Files";
			sourceTree = "<group>";
		};
		C29719431BCE3D2900AAFFA7 /* EyeShareTests */ = {
			isa = PBXGroup;
			children = (
				C29719461BCE3D2900AAFFA7 /* EyeShareTests.m */,
				C29719441BCE3D2900AAFFA7 /* Supporting Files */,
			);
			path = EyeShareTests;
			sourceTree = "<group>";
		};
		C29719441BCE3D2900AAFFA7 /* Supporting Files */ = {
			isa = PBXGroup;
			children = (
				C29719451BCE3D2900AAFFA7 /* Info.plist */,
			);
			name = "Supporting Files";
			sourceTree = "<group>";
		};
		C29719501BCE3D7900AAFFA7 /* Source */ = {
			isa = PBXGroup;
			children = (
				C29719511BCE3D7900AAFFA7 /* Application */,
				C29719541BCE3D7900AAFFA7 /* BaseClass */,
				C29719571BCE3D7900AAFFA7 /* CodeClass */,
				C29719671BCE3D7900AAFFA7 /* DataBase */,
				C29719681BCE3D7900AAFFA7 /* EnNetWork */,
				C29719691BCE3D7900AAFFA7 /* Framework */,
				C297196A1BCE3D7900AAFFA7 /* Global */,
				C297196B1BCE3D7900AAFFA7 /* Helper */,
				C297196C1BCE3D7900AAFFA7 /* Macro */,
				C29719711BCE3D7900AAFFA7 /* Resources */,
				C29719721BCE3D7900AAFFA7 /* TheThird */,
			);
			path = Source;
			sourceTree = "<group>";
		};
		C29719511BCE3D7900AAFFA7 /* Application */ = {
			isa = PBXGroup;
			children = (
				C29719521BCE3D7900AAFFA7 /* AppDelegate.h */,
				C29719531BCE3D7900AAFFA7 /* AppDelegate.m */,
			);
			path = Application;
			sourceTree = "<group>";
		};
		C29719541BCE3D7900AAFFA7 /* BaseClass */ = {
			isa = PBXGroup;
			children = (
				C29719551BCE3D7900AAFFA7 /* LeanCloudTool.h */,
				C29719561BCE3D7900AAFFA7 /* LeanCloudTool.m */,
			);
			path = BaseClass;
			sourceTree = "<group>";
		};
		C29719571BCE3D7900AAFFA7 /* CodeClass */ = {
			isa = PBXGroup;
			children = (
				C29719581BCE3D7900AAFFA7 /* Controller */,
				C29719651BCE3D7900AAFFA7 /* Model */,
				C29719661BCE3D7900AAFFA7 /* View */,
			);
			path = CodeClass;
			sourceTree = "<group>";
		};
		C29719581BCE3D7900AAFFA7 /* Controller */ = {
			isa = PBXGroup;
			children = (
				C29719611BCE3D7900AAFFA7 /* TabBarViewController.h */,
				C29719621BCE3D7900AAFFA7 /* TabBarViewController.m */,
				C29719AE1BCE820900AAFFA7 /* FirstTableViewController.h */,
				C29719AF1BCE820900AAFFA7 /* FirstTableViewController.m */,
				C29719B11BCE822800AAFFA7 /* SecondTableViewController.h */,
				C29719B21BCE822800AAFFA7 /* SecondTableViewController.m */,
				C29719B41BCE827F00AAFFA7 /* ThirdViewController.h */,
				C29719B51BCE827F00AAFFA7 /* ThirdViewController.m */,
				C29719B71BCE829E00AAFFA7 /* FourTableViewController.h */,
				C29719B81BCE829E00AAFFA7 /* FourTableViewController.m */,
			);
			path = Controller;
			sourceTree = "<group>";
		};
		C29719651BCE3D7900AAFFA7 /* Model */ = {
			isa = PBXGroup;
			children = (
			);
			path = Model;
			sourceTree = "<group>";
		};
		C29719661BCE3D7900AAFFA7 /* View */ = {
			isa = PBXGroup;
			children = (
			);
			path = View;
			sourceTree = "<group>";
		};
		C29719671BCE3D7900AAFFA7 /* DataBase */ = {
			isa = PBXGroup;
			children = (
			);
			path = DataBase;
			sourceTree = "<group>";
		};
		C29719681BCE3D7900AAFFA7 /* EnNetWork */ = {
			isa = PBXGroup;
			children = (
			);
			path = EnNetWork;
			sourceTree = "<group>";
		};
		C29719691BCE3D7900AAFFA7 /* Framework */ = {
			isa = PBXGroup;
			children = (
			);
			path = Framework;
			sourceTree = "<group>";
		};
		C297196A1BCE3D7900AAFFA7 /* Global */ = {
			isa = PBXGroup;
			children = (
			);
			path = Global;
			sourceTree = "<group>";
		};
		C297196B1BCE3D7900AAFFA7 /* Helper */ = {
			isa = PBXGroup;
			children = (
			);
			path = Helper;
			sourceTree = "<group>";
		};
		C297196C1BCE3D7900AAFFA7 /* Macro */ = {
			isa = PBXGroup;
			children = (
				C297196D1BCE3D7900AAFFA7 /* APPHeader.h */,
				C297196E1BCE3D7900AAFFA7 /* IMPHeader.h */,
				C297196F1BCE3D7900AAFFA7 /* KEYHeader.h */,
				C29719701BCE3D7900AAFFA7 /* URLHeader.h */,
			);
			path = Macro;
			sourceTree = "<group>";
		};
		C29719711BCE3D7900AAFFA7 /* Resources */ = {
			isa = PBXGroup;
			children = (
			);
			path = Resources;
			sourceTree = "<group>";
		};
		C29719721BCE3D7900AAFFA7 /* TheThird */ = {
			isa = PBXGroup;
			children = (
			);
			path = TheThird;
			sourceTree = "<group>";
		};
/* End PBXGroup section */

/* Begin PBXNativeTarget section */
		C29719261BCE3D2900AAFFA7 /* EyeShare */ = {
			isa = PBXNativeTarget;
			buildConfigurationList = C297194A1BCE3D2900AAFFA7 /* Build configuration list for PBXNativeTarget "EyeShare" */;
			buildPhases = (
				0CDF34CFC6A14F4F56151523 /* Check Pods Manifest.lock */,
				C29719231BCE3D2900AAFFA7 /* Sources */,
				C29719241BCE3D2900AAFFA7 /* Frameworks */,
				C29719251BCE3D2900AAFFA7 /* Resources */,
				E5EB732399F998DC5D036712 /* Copy Pods Resources */,
			);
			buildRules = (
			);
			dependencies = (
			);
			name = EyeShare;
			productName = EyeShare;
			productReference = C29719271BCE3D2900AAFFA7 /* EyeShare.app */;
			productType = "com.apple.product-type.application";
		};
		C297193F1BCE3D2900AAFFA7 /* EyeShareTests */ = {
			isa = PBXNativeTarget;
			buildConfigurationList = C297194D1BCE3D2900AAFFA7 /* Build configuration list for PBXNativeTarget "EyeShareTests" */;
			buildPhases = (
				C297193C1BCE3D2900AAFFA7 /* Sources */,
				C297193D1BCE3D2900AAFFA7 /* Frameworks */,
				C297193E1BCE3D2900AAFFA7 /* Resources */,
			);
			buildRules = (
			);
			dependencies = (
				C29719421BCE3D2900AAFFA7 /* PBXTargetDependency */,
			);
			name = EyeShareTests;
			productName = EyeShareTests;
			productReference = C29719401BCE3D2900AAFFA7 /* EyeShareTests.xctest */;
			productType = "com.apple.product-type.bundle.unit-test";
		};
/* End PBXNativeTarget section */

/* Begin PBXProject section */
		C297191F1BCE3D2900AAFFA7 /* Project object */ = {
			isa = PBXProject;
			attributes = {
				LastUpgradeCheck = 0640;
				ORGANIZATIONNAME = ShengLi;
				TargetAttributes = {
					C29719261BCE3D2900AAFFA7 = {
						CreatedOnToolsVersion = 6.4;
					};
					C297193F1BCE3D2900AAFFA7 = {
						CreatedOnToolsVersion = 6.4;
						TestTargetID = C29719261BCE3D2900AAFFA7;
					};
				};
			};
			buildConfigurationList = C29719221BCE3D2900AAFFA7 /* Build configuration list for PBXProject "EyeShare" */;
			compatibilityVersion = "Xcode 3.2";
			developmentRegion = English;
			hasScannedForEncodings = 0;
			knownRegions = (
				en,
				Base,
			);
			mainGroup = C297191E1BCE3D2900AAFFA7;
			productRefGroup = C29719281BCE3D2900AAFFA7 /* Products */;
			projectDirPath = "";
			projectRoot = "";
			targets = (
				C29719261BCE3D2900AAFFA7 /* EyeShare */,
				C297193F1BCE3D2900AAFFA7 /* EyeShareTests */,
			);
		};
/* End PBXProject section */

/* Begin PBXResourcesBuildPhase section */
		C29719251BCE3D2900AAFFA7 /* Resources */ = {
			isa = PBXResourcesBuildPhase;
			buildActionMask = 2147483647;
			files = (
				C29719361BCE3D2900AAFFA7 /* Main.storyboard in Resources */,
				C297193B1BCE3D2900AAFFA7 /* LaunchScreen.xib in Resources */,
				C29719381BCE3D2900AAFFA7 /* Images.xcassets in Resources */,
			);
			runOnlyForDeploymentPostprocessing = 0;
		};
		C297193E1BCE3D2900AAFFA7 /* Resources */ = {
			isa = PBXResourcesBuildPhase;
			buildActionMask = 2147483647;
			files = (
			);
			runOnlyForDeploymentPostprocessing = 0;
		};
/* End PBXResourcesBuildPhase section */

/* Begin PBXShellScriptBuildPhase section */
		0CDF34CFC6A14F4F56151523 /* Check Pods Manifest.lock */ = {
			isa = PBXShellScriptBuildPhase;
			buildActionMask = 2147483647;
			files = (
			);
			inputPaths = (
			);
			name = "Check Pods Manifest.lock";
			outputPaths = (
			);
			runOnlyForDeploymentPostprocessing = 0;
			shellPath = /bin/sh;
			shellScript = "diff \"${PODS_ROOT}/../Podfile.lock\" \"${PODS_ROOT}/Manifest.lock\" > /dev/null\nif [[ $? != 0 ]] ; then\n    cat << EOM\nerror: The sandbox is not in sync with the Podfile.lock. Run 'pod install' or update your CocoaPods installation.\nEOM\n    exit 1\nfi\n";
			showEnvVarsInLog = 0;
		};
		E5EB732399F998DC5D036712 /* Copy Pods Resources */ = {
			isa = PBXShellScriptBuildPhase;
			buildActionMask = 2147483647;
			files = (
			);
			inputPaths = (
			);
			name = "Copy Pods Resources";
			outputPaths = (
			);
			runOnlyForDeploymentPostprocessing = 0;
			shellPath = /bin/sh;
			shellScript = "\"${SRCROOT}/Pods/Target Support Files/Pods/Pods-resources.sh\"\n";
			showEnvVarsInLog = 0;
		};
/* End PBXShellScriptBuildPhase section */

/* Begin PBXSourcesBuildPhase section */
		C29719231BCE3D2900AAFFA7 /* Sources */ = {
			isa = PBXSourcesBuildPhase;
			buildActionMask = 2147483647;
			files = (
				C29719731BCE3D7900AAFFA7 /* AppDelegate.m in Sources */,
				C297192D1BCE3D2900AAFFA7 /* main.m in Sources */,
				C29719B01BCE820900AAFFA7 /* FirstTableViewController.m in Sources */,
				C29719791BCE3D7900AAFFA7 /* TabBarViewController.m in Sources */,
				C29719741BCE3D7900AAFFA7 /* LeanCloudTool.m in Sources */,
				C29719B31BCE822800AAFFA7 /* SecondTableViewController.m in Sources */,
				C29719B61BCE827F00AAFFA7 /* ThirdViewController.m in Sources */,
				C29719B91BCE829E00AAFFA7 /* FourTableViewController.m in Sources */,
			);
			runOnlyForDeploymentPostprocessing = 0;
		};
		C297193C1BCE3D2900AAFFA7 /* Sources */ = {
			isa = PBXSourcesBuildPhase;
			buildActionMask = 2147483647;
			files = (
				C29719471BCE3D2900AAFFA7 /* EyeShareTests.m in Sources */,
			);
			runOnlyForDeploymentPostprocessing = 0;
		};
/* End PBXSourcesBuildPhase section */

/* Begin PBXTargetDependency section */
		C29719421BCE3D2900AAFFA7 /* PBXTargetDependency */ = {
			isa = PBXTargetDependency;
			target = C29719261BCE3D2900AAFFA7 /* EyeShare */;
			targetProxy = C29719411BCE3D2900AAFFA7 /* PBXContainerItemProxy */;
		};
/* End PBXTargetDependency section */

/* Begin PBXVariantGroup section */
		C29719341BCE3D2900AAFFA7 /* Main.storyboard */ = {
			isa = PBXVariantGroup;
			children = (
				C29719351BCE3D2900AAFFA7 /* Base */,
			);
			name = Main.storyboard;
			sourceTree = "<group>";
		};
		C29719391BCE3D2900AAFFA7 /* LaunchScreen.xib */ = {
			isa = PBXVariantGroup;
			children = (
				C297193A1BCE3D2900AAFFA7 /* Base */,
			);
			name = LaunchScreen.xib;
			sourceTree = "<group>";
		};
/* End PBXVariantGroup section */

/* Begin XCBuildConfiguration section */
		C29719481BCE3D2900AAFFA7 /* Debug */ = {
			isa = XCBuildConfiguration;
			buildSettings = {
				ALWAYS_SEARCH_USER_PATHS = NO;
				CLANG_CXX_LANGUAGE_STANDARD = "gnu++0x";
				CLANG_CXX_LIBRARY = "libc++";
				CLANG_ENABLE_MODULES = YES;
				CLANG_ENABLE_OBJC_ARC = YES;
				CLANG_WARN_BOOL_CONVERSION = YES;
				CLANG_WARN_CONSTANT_CONVERSION = YES;
				CLANG_WARN_DIRECT_OBJC_ISA_USAGE = YES_ERROR;
				CLANG_WARN_EMPTY_BODY = YES;
				CLANG_WARN_ENUM_CONVERSION = YES;
				CLANG_WARN_INT_CONVERSION = YES;
				CLANG_WARN_OBJC_ROOT_CLASS = YES_ERROR;
				CLANG_WARN_UNREACHABLE_CODE = YES;
				CLANG_WARN__DUPLICATE_METHOD_MATCH = YES;
				"CODE_SIGN_IDENTITY[sdk=iphoneos*]" = "iPhone Developer";
				COPY_PHASE_STRIP = NO;
				DEBUG_INFORMATION_FORMAT = "dwarf-with-dsym";
				ENABLE_STRICT_OBJC_MSGSEND = YES;
				GCC_C_LANGUAGE_STANDARD = gnu99;
				GCC_DYNAMIC_NO_PIC = NO;
				GCC_NO_COMMON_BLOCKS = YES;
				GCC_OPTIMIZATION_LEVEL = 0;
				GCC_PREPROCESSOR_DEFINITIONS = (
					"DEBUG=1",
					"$(inherited)",
				);
				GCC_SYMBOLS_PRIVATE_EXTERN = NO;
				GCC_WARN_64_TO_32_BIT_CONVERSION = YES;
				GCC_WARN_ABOUT_RETURN_TYPE = YES_ERROR;
				GCC_WARN_UNDECLARED_SELECTOR = YES;
				GCC_WARN_UNINITIALIZED_AUTOS = YES_AGGRESSIVE;
				GCC_WARN_UNUSED_FUNCTION = YES;
				GCC_WARN_UNUSED_VARIABLE = YES;
				IPHONEOS_DEPLOYMENT_TARGET = 8.4;
				MTL_ENABLE_DEBUG_INFO = YES;
				ONLY_ACTIVE_ARCH = YES;
				SDKROOT = iphoneos;
			};
			name = Debug;
		};
		C29719491BCE3D2900AAFFA7 /* Release */ = {
			isa = XCBuildConfiguration;
			buildSettings = {
				ALWAYS_SEARCH_USER_PATHS = NO;
				CLANG_CXX_LANGUAGE_STANDARD = "gnu++0x";
				CLANG_CXX_LIBRARY = "libc++";
				CLANG_ENABLE_MODULES = YES;
				CLANG_ENABLE_OBJC_ARC = YES;
				CLANG_WARN_BOOL_CONVERSION = YES;
				CLANG_WARN_CONSTANT_CONVERSION = YES;
				CLANG_WARN_DIRECT_OBJC_ISA_USAGE = YES_ERROR;
				CLANG_WARN_EMPTY_BODY = YES;
				CLANG_WARN_ENUM_CONVERSION = YES;
				CLANG_WARN_INT_CONVERSION = YES;
				CLANG_WARN_OBJC_ROOT_CLASS = YES_ERROR;
				CLANG_WARN_UNREACHABLE_CODE = YES;
				CLANG_WARN__DUPLICATE_METHOD_MATCH = YES;
				"CODE_SIGN_IDENTITY[sdk=iphoneos*]" = "iPhone Developer";
				COPY_PHASE_STRIP = NO;
				DEBUG_INFORMATION_FORMAT = "dwarf-with-dsym";
				ENABLE_NS_ASSERTIONS = NO;
				ENABLE_STRICT_OBJC_MSGSEND = YES;
				GCC_C_LANGUAGE_STANDARD = gnu99;
				GCC_NO_COMMON_BLOCKS = YES;
				GCC_WARN_64_TO_32_BIT_CONVERSION = YES;
				GCC_WARN_ABOUT_RETURN_TYPE = YES_ERROR;
				GCC_WARN_UNDECLARED_SELECTOR = YES;
				GCC_WARN_UNINITIALIZED_AUTOS = YES_AGGRESSIVE;
				GCC_WARN_UNUSED_FUNCTION = YES;
				GCC_WARN_UNUSED_VARIABLE = YES;
				IPHONEOS_DEPLOYMENT_TARGET = 8.4;
				MTL_ENABLE_DEBUG_INFO = NO;
				SDKROOT = iphoneos;
				VALIDATE_PRODUCT = YES;
			};
			name = Release;
		};
		C297194B1BCE3D2900AAFFA7 /* Debug */ = {
			isa = XCBuildConfiguration;
			baseConfigurationReference = 035A6463F6ED02CBA46AE065 /* Pods.debug.xcconfig */;
			buildSettings = {
				ASSETCATALOG_COMPILER_APPICON_NAME = AppIcon;
				GCC_PREFIX_HEADER = "$(SRCROOT)/EyeShare/PrefixHeader.pch";
				INFOPLIST_FILE = EyeShare/Info.plist;
				LD_RUNPATH_SEARCH_PATHS = "$(inherited) @executable_path/Frameworks";
				PRODUCT_NAME = "$(TARGET_NAME)";
			};
			name = Debug;
		};
		C297194C1BCE3D2900AAFFA7 /* Release */ = {
			isa = XCBuildConfiguration;
			baseConfigurationReference = D4C8A73158CD8EAED4388645 /* Pods.release.xcconfig */;
			buildSettings = {
				ASSETCATALOG_COMPILER_APPICON_NAME = AppIcon;
				GCC_PREFIX_HEADER = "$(SRCROOT)/EyeShare/PrefixHeader.pch";
				INFOPLIST_FILE = EyeShare/Info.plist;
				LD_RUNPATH_SEARCH_PATHS = "$(inherited) @executable_path/Frameworks";
				PRODUCT_NAME = "$(TARGET_NAME)";
			};
			name = Release;
		};
		C297194E1BCE3D2900AAFFA7 /* Debug */ = {
			isa = XCBuildConfiguration;
			buildSettings = {
				BUNDLE_LOADER = "$(TEST_HOST)";
				FRAMEWORK_SEARCH_PATHS = (
					"$(SDKROOT)/Developer/Library/Frameworks",
					"$(inherited)",
				);
				GCC_PREPROCESSOR_DEFINITIONS = (
					"DEBUG=1",
					"$(inherited)",
				);
				INFOPLIST_FILE = EyeShareTests/Info.plist;
				LD_RUNPATH_SEARCH_PATHS = "$(inherited) @executable_path/Frameworks @loader_path/Frameworks";
				PRODUCT_NAME = "$(TARGET_NAME)";
				TEST_HOST = "$(BUILT_PRODUCTS_DIR)/EyeShare.app/EyeShare";
			};
			name = Debug;
		};
		C297194F1BCE3D2900AAFFA7 /* Release */ = {
			isa = XCBuildConfiguration;
			buildSettings = {
				BUNDLE_LOADER = "$(TEST_HOST)";
				FRAMEWORK_SEARCH_PATHS = (
					"$(SDKROOT)/Developer/Library/Frameworks",
					"$(inherited)",
				);
				INFOPLIST_FILE = EyeShareTests/Info.plist;
				LD_RUNPATH_SEARCH_PATHS = "$(inherited) @executable_path/Frameworks @loader_path/Frameworks";
				PRODUCT_NAME = "$(TARGET_NAME)";
				TEST_HOST = "$(BUILT_PRODUCTS_DIR)/EyeShare.app/EyeShare";
			};
			name = Release;
		};
/* End XCBuildConfiguration section */

/* Begin XCConfigurationList section */
		C29719221BCE3D2900AAFFA7 /* Build configuration list for PBXProject "EyeShare" */ = {
			isa = XCConfigurationList;
			buildConfigurations = (
				C29719481BCE3D2900AAFFA7 /* Debug */,
				C29719491BCE3D2900AAFFA7 /* Release */,
			);
			defaultConfigurationIsVisible = 0;
			defaultConfigurationName = Release;
		};
		C297194A1BCE3D2900AAFFA7 /* Build configuration list for PBXNativeTarget "EyeShare" */ = {
			isa = XCConfigurationList;
			buildConfigurations = (
				C297194B1BCE3D2900AAFFA7 /* Debug */,
				C297194C1BCE3D2900AAFFA7 /* Release */,
			);
			defaultConfigurationIsVisible = 0;
			defaultConfigurationName = Release;
		};
		C297194D1BCE3D2900AAFFA7 /* Build configuration list for PBXNativeTarget "EyeShareTests" */ = {
			isa = XCConfigurationList;
			buildConfigurations = (
				C297194E1BCE3D2900AAFFA7 /* Debug */,
				C297194F1BCE3D2900AAFFA7 /* Release */,
			);
			defaultConfigurationIsVisible = 0;
			defaultConfigurationName = Release;
		};
/* End XCConfigurationList section */
	};
	rootObject = C297191F1BCE3D2900AAFFA7 /* Project object */;
}
